
Microsoft Visual Studio Solution File, Format Version 12.00
# Visual Studio 15
VisualStudioVersion = 15.0.27004.2010
MinimumVisualStudioVersion = 10.0.40219.1
<<<<<<< HEAD
Project("{FAE04EC0-301F-11D3-BF4B-00C04F79EFBC}") = "Tp3", "Tp3\Tp3.csproj", "{C2A45457-55A0-48E7-8D1F-473FAF723BB0}"
=======
Project("{FAE04EC0-301F-11D3-BF4B-00C04F79EFBC}") = "DataAccess", "DataAccess\DataAccess.csproj", "{A7AAF6B2-87AD-4D8D-8C79-D7228FCBDFAB}"
>>>>>>> b9233f8d57cdfc833ba69da75b2bc791b481e6f6
EndProject
Project("{FAE04EC0-301F-11D3-BF4B-00C04F79EFBC}") = "Entities", "Entities\Entities.csproj", "{BA424F01-B4F6-439A-AC57-1C7F24E39363}"
EndProject
Project("{FAE04EC0-301F-11D3-BF4B-00C04F79EFBC}") = "Services", "Services\Services.csproj", "{0EE0646F-9F99-4094-8C8E-BE765092635A}"
EndProject
<<<<<<< HEAD
Project("{FAE04EC0-301F-11D3-BF4B-00C04F79EFBC}") = "DataAccess", "DataAccess\DataAccess.csproj", "{C2373714-E325-4DAD-A914-0864353BE35F}"
=======
Project("{FAE04EC0-301F-11D3-BF4B-00C04F79EFBC}") = "Application", "Application\Application.csproj", "{0EDF529B-82EA-45D1-87DD-DA80CF3876FD}"
>>>>>>> b9233f8d57cdfc833ba69da75b2bc791b481e6f6
EndProject
Global
	GlobalSection(SolutionConfigurationPlatforms) = preSolution
		Debug|Any CPU = Debug|Any CPU
		Release|Any CPU = Release|Any CPU
	EndGlobalSection
	GlobalSection(ProjectConfigurationPlatforms) = postSolution
<<<<<<< HEAD
		{C2A45457-55A0-48E7-8D1F-473FAF723BB0}.Debug|Any CPU.ActiveCfg = Debug|Any CPU
		{C2A45457-55A0-48E7-8D1F-473FAF723BB0}.Debug|Any CPU.Build.0 = Debug|Any CPU
		{C2A45457-55A0-48E7-8D1F-473FAF723BB0}.Release|Any CPU.ActiveCfg = Release|Any CPU
		{C2A45457-55A0-48E7-8D1F-473FAF723BB0}.Release|Any CPU.Build.0 = Release|Any CPU
=======
		{A7AAF6B2-87AD-4D8D-8C79-D7228FCBDFAB}.Debug|Any CPU.ActiveCfg = Debug|Any CPU
		{A7AAF6B2-87AD-4D8D-8C79-D7228FCBDFAB}.Debug|Any CPU.Build.0 = Debug|Any CPU
		{A7AAF6B2-87AD-4D8D-8C79-D7228FCBDFAB}.Release|Any CPU.ActiveCfg = Release|Any CPU
		{A7AAF6B2-87AD-4D8D-8C79-D7228FCBDFAB}.Release|Any CPU.Build.0 = Release|Any CPU
>>>>>>> b9233f8d57cdfc833ba69da75b2bc791b481e6f6
		{BA424F01-B4F6-439A-AC57-1C7F24E39363}.Debug|Any CPU.ActiveCfg = Debug|Any CPU
		{BA424F01-B4F6-439A-AC57-1C7F24E39363}.Debug|Any CPU.Build.0 = Debug|Any CPU
		{BA424F01-B4F6-439A-AC57-1C7F24E39363}.Release|Any CPU.ActiveCfg = Release|Any CPU
		{BA424F01-B4F6-439A-AC57-1C7F24E39363}.Release|Any CPU.Build.0 = Release|Any CPU
		{0EE0646F-9F99-4094-8C8E-BE765092635A}.Debug|Any CPU.ActiveCfg = Debug|Any CPU
		{0EE0646F-9F99-4094-8C8E-BE765092635A}.Debug|Any CPU.Build.0 = Debug|Any CPU
		{0EE0646F-9F99-4094-8C8E-BE765092635A}.Release|Any CPU.ActiveCfg = Release|Any CPU
		{0EE0646F-9F99-4094-8C8E-BE765092635A}.Release|Any CPU.Build.0 = Release|Any CPU
<<<<<<< HEAD
		{C2373714-E325-4DAD-A914-0864353BE35F}.Debug|Any CPU.ActiveCfg = Debug|Any CPU
		{C2373714-E325-4DAD-A914-0864353BE35F}.Debug|Any CPU.Build.0 = Debug|Any CPU
		{C2373714-E325-4DAD-A914-0864353BE35F}.Release|Any CPU.ActiveCfg = Release|Any CPU
		{C2373714-E325-4DAD-A914-0864353BE35F}.Release|Any CPU.Build.0 = Release|Any CPU
=======
		{0EDF529B-82EA-45D1-87DD-DA80CF3876FD}.Debug|Any CPU.ActiveCfg = Debug|Any CPU
		{0EDF529B-82EA-45D1-87DD-DA80CF3876FD}.Debug|Any CPU.Build.0 = Debug|Any CPU
		{0EDF529B-82EA-45D1-87DD-DA80CF3876FD}.Release|Any CPU.ActiveCfg = Release|Any CPU
		{0EDF529B-82EA-45D1-87DD-DA80CF3876FD}.Release|Any CPU.Build.0 = Release|Any CPU
>>>>>>> b9233f8d57cdfc833ba69da75b2bc791b481e6f6
	EndGlobalSection
	GlobalSection(SolutionProperties) = preSolution
		HideSolutionNode = FALSE
	EndGlobalSection
	GlobalSection(ExtensibilityGlobals) = postSolution
		SolutionGuid = {5F481536-7266-4322-9028-D9014046DE8D}
	EndGlobalSection
EndGlobal
